
Microsoft Visual Studio Solution File, Format Version 12.00
# Visual Studio Version 17
VisualStudioVersion = 17.8.34322.80
MinimumVisualStudioVersion = 10.0.40219.1
Project("{FAE04EC0-301F-11D3-BF4B-00C04F79EFBC}") = "1_December", "1_December.csproj", "{111E9935-29F0-4F05-9F6A-99A03FDA61EA}"
EndProject
Global
	GlobalSection(SolutionConfigurationPlatforms) = preSolution
		Debug|Any CPU = Debug|Any CPU
		Release|Any CPU = Release|Any CPU
	EndGlobalSection
	GlobalSection(ProjectConfigurationPlatforms) = postSolution
		{111E9935-29F0-4F05-9F6A-99A03FDA61EA}.Debug|Any CPU.ActiveCfg = Debug|Any CPU
		{111E9935-29F0-4F05-9F6A-99A03FDA61EA}.Debug|Any CPU.Build.0 = Debug|Any CPU
		{111E9935-29F0-4F05-9F6A-99A03FDA61EA}.Release|Any CPU.ActiveCfg = Release|Any CPU
		{111E9935-29F0-4F05-9F6A-99A03FDA61EA}.Release|Any CPU.Build.0 = Release|Any CPU
	EndGlobalSection
	GlobalSection(SolutionProperties) = preSolution
		HideSolutionNode = FALSE
	EndGlobalSection
	GlobalSection(ExtensibilityGlobals) = postSolution
		SolutionGuid = {330CA0BF-EFF6-4B45-999D-AA4AAB922AF2}
	EndGlobalSection
EndGlobal
