
Microsoft Visual Studio Solution File, Format Version 12.00
# Visual Studio Version 17
VisualStudioVersion = 17.8.34322.80
MinimumVisualStudioVersion = 10.0.40219.1
Project("{9A19103F-16F7-4668-BE54-9A1E7A4F7556}") = "3_December", "3_December.csproj", "{B2E500BA-842D-4D40-A424-BF1BC7E990F2}"
EndProject
Global
	GlobalSection(SolutionConfigurationPlatforms) = preSolution
		Debug|Any CPU = Debug|Any CPU
		Release|Any CPU = Release|Any CPU
	EndGlobalSection
	GlobalSection(ProjectConfigurationPlatforms) = postSolution
		{B2E500BA-842D-4D40-A424-BF1BC7E990F2}.Debug|Any CPU.ActiveCfg = Debug|Any CPU
		{B2E500BA-842D-4D40-A424-BF1BC7E990F2}.Debug|Any CPU.Build.0 = Debug|Any CPU
		{B2E500BA-842D-4D40-A424-BF1BC7E990F2}.Release|Any CPU.ActiveCfg = Release|Any CPU
		{B2E500BA-842D-4D40-A424-BF1BC7E990F2}.Release|Any CPU.Build.0 = Release|Any CPU
	EndGlobalSection
	GlobalSection(SolutionProperties) = preSolution
		HideSolutionNode = FALSE
	EndGlobalSection
	GlobalSection(ExtensibilityGlobals) = postSolution
		SolutionGuid = {C7329766-0E27-4BA9-96D2-50910174F318}
	EndGlobalSection
EndGlobal
